
Microsoft Visual Studio Solution File, Format Version 12.00
# Visual Studio Version 17
VisualStudioVersion = 17.1.32328.378
MinimumVisualStudioVersion = 10.0.40219.1
Project("{9A19103F-16F7-4668-BE54-9A1E7A4F7556}") = "FieldAgent.Core", "FieldAgent.Core\FieldAgent.Core.csproj", "{F95D5484-B6BC-41EF-A69E-089B1FAA8DC5}"
EndProject
Project("{9A19103F-16F7-4668-BE54-9A1E7A4F7556}") = "FieldAgent.DAL", "FieldAgent.DAL\FieldAgent.DAL.csproj", "{EC52E4B1-6F70-4CCF-AE75-9D7E8F592B6E}"
EndProject
Project("{9A19103F-16F7-4668-BE54-9A1E7A4F7556}") = "FieldAgent.DAL.Test", "FieldAgent.DAL.Test\FieldAgent.DAL.Test.csproj", "{30BCE1F5-A767-45CB-A0D2-B8A8D5C0CBCF}"
EndProject
Project("{FAE04EC0-301F-11D3-BF4B-00C04F79EFBC}") = "FieldAgent.Web", "FieldAgent.Web\FieldAgent.Web.csproj", "{D2F7E0D2-BD0E-4097-812B-7B3EA4207A2B}"
EndProject
Global
	GlobalSection(SolutionConfigurationPlatforms) = preSolution
		Debug|Any CPU = Debug|Any CPU
		Release|Any CPU = Release|Any CPU
	EndGlobalSection
	GlobalSection(ProjectConfigurationPlatforms) = postSolution
		{F95D5484-B6BC-41EF-A69E-089B1FAA8DC5}.Debug|Any CPU.ActiveCfg = Debug|Any CPU
		{F95D5484-B6BC-41EF-A69E-089B1FAA8DC5}.Debug|Any CPU.Build.0 = Debug|Any CPU
		{F95D5484-B6BC-41EF-A69E-089B1FAA8DC5}.Release|Any CPU.ActiveCfg = Release|Any CPU
		{F95D5484-B6BC-41EF-A69E-089B1FAA8DC5}.Release|Any CPU.Build.0 = Release|Any CPU
		{EC52E4B1-6F70-4CCF-AE75-9D7E8F592B6E}.Debug|Any CPU.ActiveCfg = Debug|Any CPU
		{EC52E4B1-6F70-4CCF-AE75-9D7E8F592B6E}.Debug|Any CPU.Build.0 = Debug|Any CPU
		{EC52E4B1-6F70-4CCF-AE75-9D7E8F592B6E}.Release|Any CPU.ActiveCfg = Release|Any CPU
		{EC52E4B1-6F70-4CCF-AE75-9D7E8F592B6E}.Release|Any CPU.Build.0 = Release|Any CPU
		{30BCE1F5-A767-45CB-A0D2-B8A8D5C0CBCF}.Debug|Any CPU.ActiveCfg = Debug|Any CPU
		{30BCE1F5-A767-45CB-A0D2-B8A8D5C0CBCF}.Debug|Any CPU.Build.0 = Debug|Any CPU
		{30BCE1F5-A767-45CB-A0D2-B8A8D5C0CBCF}.Release|Any CPU.ActiveCfg = Release|Any CPU
		{30BCE1F5-A767-45CB-A0D2-B8A8D5C0CBCF}.Release|Any CPU.Build.0 = Release|Any CPU
		{D2F7E0D2-BD0E-4097-812B-7B3EA4207A2B}.Debug|Any CPU.ActiveCfg = Debug|Any CPU
		{D2F7E0D2-BD0E-4097-812B-7B3EA4207A2B}.Debug|Any CPU.Build.0 = Debug|Any CPU
		{D2F7E0D2-BD0E-4097-812B-7B3EA4207A2B}.Release|Any CPU.ActiveCfg = Release|Any CPU
		{D2F7E0D2-BD0E-4097-812B-7B3EA4207A2B}.Release|Any CPU.Build.0 = Release|Any CPU
	EndGlobalSection
	GlobalSection(SolutionProperties) = preSolution
		HideSolutionNode = FALSE
	EndGlobalSection
	GlobalSection(ExtensibilityGlobals) = postSolution
		SolutionGuid = {AC09C12A-22E9-4DD8-866F-4E373CFCC18F}
	EndGlobalSection
EndGlobal
